<Solution>
  <Folder Name="/Partners.Core/">
    <Project Path="Partners.Core/Partners.Core.csproj" />
  </Folder>
  <Folder Name="/Partners.Dal/">
    <Project Path="Partners.Dal/Partners.Dal.csproj" />
  </Folder>
  <Project Path="Partners.Api/Partners.Api.csproj" />
  <Folder Name="/Tests/">
    <Project Path="../tests/Partners.Core.Tests/Partners.Core.Tests.csproj" />
    <Project Path="../tests/Partners.Api.Tests/Partners.Api.Tests.csproj" />
  </Folder>
</Solution>
